
Microsoft Visual Studio Solution File, Format Version 12.00
# Visual Studio Version 17
VisualStudioVersion = 17.0.32112.339
MinimumVisualStudioVersion = 10.0.40219.1
Project("{9A19103F-16F7-4668-BE54-9A1E7A4F7556}") = "Lab_05", "Lab_05.csproj", "{A5533081-E9EB-4502-8DB0-02BB72D3E7E2}"
EndProject
Project("{FAE04EC0-301F-11D3-BF4B-00C04F79EFBC}") = "Lab_05.tests", "..\Lab_05.tests\Lab_05.tests.csproj", "{7C260B16-583B-4BD2-8300-355F3BCA0227}"
EndProject
Global
	GlobalSection(SolutionConfigurationPlatforms) = preSolution
		Debug|Any CPU = Debug|Any CPU
		Release|Any CPU = Release|Any CPU
	EndGlobalSection
	GlobalSection(ProjectConfigurationPlatforms) = postSolution
		{A5533081-E9EB-4502-8DB0-02BB72D3E7E2}.Debug|Any CPU.ActiveCfg = Debug|Any CPU
		{A5533081-E9EB-4502-8DB0-02BB72D3E7E2}.Debug|Any CPU.Build.0 = Debug|Any CPU
		{A5533081-E9EB-4502-8DB0-02BB72D3E7E2}.Release|Any CPU.ActiveCfg = Release|Any CPU
		{A5533081-E9EB-4502-8DB0-02BB72D3E7E2}.Release|Any CPU.Build.0 = Release|Any CPU
		{7C260B16-583B-4BD2-8300-355F3BCA0227}.Debug|Any CPU.ActiveCfg = Debug|Any CPU
		{7C260B16-583B-4BD2-8300-355F3BCA0227}.Debug|Any CPU.Build.0 = Debug|Any CPU
		{7C260B16-583B-4BD2-8300-355F3BCA0227}.Release|Any CPU.ActiveCfg = Release|Any CPU
		{7C260B16-583B-4BD2-8300-355F3BCA0227}.Release|Any CPU.Build.0 = Release|Any CPU
	EndGlobalSection
	GlobalSection(SolutionProperties) = preSolution
		HideSolutionNode = FALSE
	EndGlobalSection
	GlobalSection(ExtensibilityGlobals) = postSolution
		SolutionGuid = {05306AFA-DD8E-4C44-A6F3-225FF8EB20FB}
	EndGlobalSection
EndGlobal
